
Microsoft Visual Studio Solution File, Format Version 12.00
# Visual Studio Version 16
VisualStudioVersion = 16.0.29424.173
MinimumVisualStudioVersion = 10.0.40219.1
Project("{FAE04EC0-301F-11D3-BF4B-00C04F79EFBC}") = "MultipleAppSetup", "MultipleAppSetup\MultipleAppSetup.csproj", "{87D6E568-B815-40A4-9D6A-83D2D3F5DF4A}"
EndProject
Project("{FAE04EC0-301F-11D3-BF4B-00C04F79EFBC}") = "Core", "Core\Core.csproj", "{644F0B4D-7670-409C-9E64-0DD7DFB4B586}"
EndProject
Project("{FAE04EC0-301F-11D3-BF4B-00C04F79EFBC}") = "Data", "Data\Data.csproj", "{A160A300-7913-4E04-888A-8187DDA3F26A}"
EndProject
Global
	GlobalSection(SolutionConfigurationPlatforms) = preSolution
		Debug|Any CPU = Debug|Any CPU
		Release|Any CPU = Release|Any CPU
	EndGlobalSection
	GlobalSection(ProjectConfigurationPlatforms) = postSolution
		{87D6E568-B815-40A4-9D6A-83D2D3F5DF4A}.Debug|Any CPU.ActiveCfg = Debug|Any CPU
		{87D6E568-B815-40A4-9D6A-83D2D3F5DF4A}.Debug|Any CPU.Build.0 = Debug|Any CPU
		{87D6E568-B815-40A4-9D6A-83D2D3F5DF4A}.Release|Any CPU.ActiveCfg = Release|Any CPU
		{87D6E568-B815-40A4-9D6A-83D2D3F5DF4A}.Release|Any CPU.Build.0 = Release|Any CPU
		{644F0B4D-7670-409C-9E64-0DD7DFB4B586}.Debug|Any CPU.ActiveCfg = Debug|Any CPU
		{644F0B4D-7670-409C-9E64-0DD7DFB4B586}.Debug|Any CPU.Build.0 = Debug|Any CPU
		{644F0B4D-7670-409C-9E64-0DD7DFB4B586}.Release|Any CPU.ActiveCfg = Release|Any CPU
		{644F0B4D-7670-409C-9E64-0DD7DFB4B586}.Release|Any CPU.Build.0 = Release|Any CPU
		{A160A300-7913-4E04-888A-8187DDA3F26A}.Debug|Any CPU.ActiveCfg = Debug|Any CPU
		{A160A300-7913-4E04-888A-8187DDA3F26A}.Debug|Any CPU.Build.0 = Debug|Any CPU
		{A160A300-7913-4E04-888A-8187DDA3F26A}.Release|Any CPU.ActiveCfg = Release|Any CPU
		{A160A300-7913-4E04-888A-8187DDA3F26A}.Release|Any CPU.Build.0 = Release|Any CPU
	EndGlobalSection
	GlobalSection(SolutionProperties) = preSolution
		HideSolutionNode = FALSE
	EndGlobalSection
	GlobalSection(ExtensibilityGlobals) = postSolution
		SolutionGuid = {F5AE0729-BE50-47DD-B738-916E8F735C21}
	EndGlobalSection
EndGlobal
